
Microsoft Visual Studio Solution File, Format Version 12.00
# Visual Studio Version 16
VisualStudioVersion = 16.0.31205.134
MinimumVisualStudioVersion = 10.0.40219.1
Project("{FAE04EC0-301F-11D3-BF4B-00C04F79EFBC}") = "WebThueXe", "WebThueXe\WebThueXe.csproj", "{00FCA177-C9D6-4608-A176-3211EB42B7F3}"
EndProject
Project("{FAE04EC0-301F-11D3-BF4B-00C04F79EFBC}") = "WebThueXe.Tests", "WebThueXe.Tests\WebThueXe.Tests.csproj", "{D199DEBA-8101-4440-9CF2-33C2C18BB9FF}"
EndProject
Global
	GlobalSection(SolutionConfigurationPlatforms) = preSolution
		Debug|Any CPU = Debug|Any CPU
		Release|Any CPU = Release|Any CPU
	EndGlobalSection
	GlobalSection(ProjectConfigurationPlatforms) = postSolution
		{00FCA177-C9D6-4608-A176-3211EB42B7F3}.Debug|Any CPU.ActiveCfg = Debug|Any CPU
		{00FCA177-C9D6-4608-A176-3211EB42B7F3}.Debug|Any CPU.Build.0 = Debug|Any CPU
		{00FCA177-C9D6-4608-A176-3211EB42B7F3}.Release|Any CPU.ActiveCfg = Release|Any CPU
		{00FCA177-C9D6-4608-A176-3211EB42B7F3}.Release|Any CPU.Build.0 = Release|Any CPU
		{D199DEBA-8101-4440-9CF2-33C2C18BB9FF}.Debug|Any CPU.ActiveCfg = Debug|Any CPU
		{D199DEBA-8101-4440-9CF2-33C2C18BB9FF}.Debug|Any CPU.Build.0 = Debug|Any CPU
		{D199DEBA-8101-4440-9CF2-33C2C18BB9FF}.Release|Any CPU.ActiveCfg = Release|Any CPU
		{D199DEBA-8101-4440-9CF2-33C2C18BB9FF}.Release|Any CPU.Build.0 = Release|Any CPU
	EndGlobalSection
	GlobalSection(SolutionProperties) = preSolution
		HideSolutionNode = FALSE
	EndGlobalSection
	GlobalSection(ExtensibilityGlobals) = postSolution
		SolutionGuid = {A5C3C941-1DEE-42E2-8A81-8DBC2787C16B}
	EndGlobalSection
EndGlobal
